github.com/aronfan/shmcore v0.0.0-20201202075546-6b5023d60466 h1:kQLVPpX79ujyKrnQa63jb/lDqr21fvseXFpKvmWpfM0=
github.com/aronfan/shmcore v0.0.0-20201202075546-6b5023d60466/go.mod h1:HgPddapK5Dz1cqTEeUM7ynz5rLs/eawCJFsjMnjVLSw=
github.com/aronfan/shmcore v0.0.0-20201202125244-b92b06dfa5ab h1:VxOJVUqPk5r/osaxAw+6g9szhaZln3J6GyIAKSW1Zpg=
github.com/aronfan/shmcore v0.0.0-20201202125244-b92b06dfa5ab/go.mod h1:HgPddapK5Dz1cqTEeUM7ynz5rLs/eawCJFsjMnjVLSw=
